
Microsoft Visual Studio Solution File, Format Version 12.00
# Visual Studio Version 17
VisualStudioVersion = 17.14.36212.18
MinimumVisualStudioVersion = 10.0.40219.1
Project("{54A90642-561A-4BB1-A94E-469ADEE60C69}") = "angularappwithcore.client", "angularappwithcore.client\angularappwithcore.client.esproj", "{56BFFC29-6226-C524-38DB-BF33F841820B}"
EndProject
Project("{FAE04EC0-301F-11D3-BF4B-00C04F79EFBC}") = "AngularAppwithcore.Server", "AngularAppwithcore.Server\AngularAppwithcore.Server.csproj", "{E34C3622-B62B-44F6-A48C-76B64D147470}"
EndProject
Global
	GlobalSection(SolutionConfigurationPlatforms) = preSolution
		Debug|Any CPU = Debug|Any CPU
		Release|Any CPU = Release|Any CPU
	EndGlobalSection
	GlobalSection(ProjectConfigurationPlatforms) = postSolution
		{56BFFC29-6226-C524-38DB-BF33F841820B}.Debug|Any CPU.ActiveCfg = Debug|Any CPU
		{56BFFC29-6226-C524-38DB-BF33F841820B}.Debug|Any CPU.Build.0 = Debug|Any CPU
		{56BFFC29-6226-C524-38DB-BF33F841820B}.Debug|Any CPU.Deploy.0 = Debug|Any CPU
		{56BFFC29-6226-C524-38DB-BF33F841820B}.Release|Any CPU.ActiveCfg = Release|Any CPU
		{56BFFC29-6226-C524-38DB-BF33F841820B}.Release|Any CPU.Build.0 = Release|Any CPU
		{56BFFC29-6226-C524-38DB-BF33F841820B}.Release|Any CPU.Deploy.0 = Release|Any CPU
		{E34C3622-B62B-44F6-A48C-76B64D147470}.Debug|Any CPU.ActiveCfg = Debug|Any CPU
		{E34C3622-B62B-44F6-A48C-76B64D147470}.Debug|Any CPU.Build.0 = Debug|Any CPU
		{E34C3622-B62B-44F6-A48C-76B64D147470}.Release|Any CPU.ActiveCfg = Release|Any CPU
		{E34C3622-B62B-44F6-A48C-76B64D147470}.Release|Any CPU.Build.0 = Release|Any CPU
	EndGlobalSection
	GlobalSection(SolutionProperties) = preSolution
		HideSolutionNode = FALSE
	EndGlobalSection
	GlobalSection(ExtensibilityGlobals) = postSolution
		SolutionGuid = {75EABE5D-3916-4D9A-81E9-07A229E7EA2C}
	EndGlobalSection
EndGlobal
